// !$*UTF8*$!
{
	archiveVersion = 1;
	classes = {
	};
	objectVersion = 46;
	objects = {

/* Begin PBXBuildFile section */
		0FAF82199C23CEB05FE68C15 /* libPods-TotallyFreshFitness.a in Frameworks */ = {isa = PBXBuildFile; fileRef = 3C6CC4BFA5DF58E2721FAB5E /* libPods-TotallyFreshFitness.a */; };
		34D1D17B1B01A8DD0079457F /* main.m in Sources */ = {isa = PBXBuildFile; fileRef = 34D1D17A1B01A8DD0079457F /* main.m */; };
		34D1D17E1B01A8DD0079457F /* AppDelegate.m in Sources */ = {isa = PBXBuildFile; fileRef = 34D1D17D1B01A8DD0079457F /* AppDelegate.m */; };
		34D1D1811B01A8DD0079457F /* ViewController.m in Sources */ = {isa = PBXBuildFile; fileRef = 34D1D1801B01A8DD0079457F /* ViewController.m */; };
		34D1D1861B01A8DD0079457F /* Images.xcassets in Resources */ = {isa = PBXBuildFile; fileRef = 34D1D1851B01A8DD0079457F /* Images.xcassets */; };
		34D1D1891B01A8DD0079457F /* LaunchScreen.xib in Resources */ = {isa = PBXBuildFile; fileRef = 34D1D1871B01A8DD0079457F /* LaunchScreen.xib */; };
		34D1D1951B01A8DD0079457F /* TotallyFreshFitnessTests.m in Sources */ = {isa = PBXBuildFile; fileRef = 34D1D1941B01A8DD0079457F /* TotallyFreshFitnessTests.m */; };
/* End PBXBuildFile section */

/* Begin PBXContainerItemProxy section */
		34D1D18F1B01A8DD0079457F /* PBXContainerItemProxy */ = {
			isa = PBXContainerItemProxy;
			containerPortal = 34D1D16D1B01A8DD0079457F /* Project object */;
			proxyType = 1;
			remoteGlobalIDString = 34D1D1741B01A8DD0079457F;
			remoteInfo = TotallyFreshFitness;
		};
/* End PBXContainerItemProxy section */

/* Begin PBXFileReference section */
		27820FA0F54FA95D0AACC67C /* Pods-TotallyFreshFitness.debug.xcconfig */ = {isa = PBXFileReference; includeInIndex = 1; lastKnownFileType = text.xcconfig; name = "Pods-TotallyFreshFitness.debug.xcconfig"; path = "Pods/Target Support Files/Pods-TotallyFreshFitness/Pods-TotallyFreshFitness.debug.xcconfig"; sourceTree = "<group>"; };
		34D1D1751B01A8DD0079457F /* TotallyFreshFitness.app */ = {isa = PBXFileReference; explicitFileType = wrapper.application; includeInIndex = 0; path = TotallyFreshFitness.app; sourceTree = BUILT_PRODUCTS_DIR; };
		34D1D1791B01A8DD0079457F /* Info.plist */ = {isa = PBXFileReference; lastKnownFileType = text.plist.xml; path = Info.plist; sourceTree = "<group>"; };
		34D1D17A1B01A8DD0079457F /* main.m */ = {isa = PBXFileReference; lastKnownFileType = sourcecode.c.objc; path = main.m; sourceTree = "<group>"; };
		34D1D17C1B01A8DD0079457F /* AppDelegate.h */ = {isa = PBXFileReference; lastKnownFileType = sourcecode.c.h; path = AppDelegate.h; sourceTree = "<group>"; };
		34D1D17D1B01A8DD0079457F /* AppDelegate.m */ = {isa = PBXFileReference; lastKnownFileType = sourcecode.c.objc; path = AppDelegate.m; sourceTree = "<group>"; };
		34D1D17F1B01A8DD0079457F /* ViewController.h */ = {isa = PBXFileReference; lastKnownFileType = sourcecode.c.h; path = ViewController.h; sourceTree = "<group>"; };
		34D1D1801B01A8DD0079457F /* ViewController.m */ = {isa = PBXFileReference; lastKnownFileType = sourcecode.c.objc; path = ViewController.m; sourceTree = "<group>"; };
		34D1D1851B01A8DD0079457F /* Images.xcassets */ = {isa = PBXFileReference; lastKnownFileType = folder.assetcatalog; path = Images.xcassets; sourceTree = "<group>"; };
		34D1D1881B01A8DD0079457F /* Base */ = {isa = PBXFileReference; lastKnownFileType = file.xib; name = Base; path = Base.lproj/LaunchScreen.xib; sourceTree = "<group>"; };
		34D1D18E1B01A8DD0079457F /* TotallyFreshFitnessTests.xctest */ = {isa = PBXFileReference; explicitFileType = wrapper.cfbundle; includeInIndex = 0; path = TotallyFreshFitnessTests.xctest; sourceTree = BUILT_PRODUCTS_DIR; };
		34D1D1931B01A8DD0079457F /* Info.plist */ = {isa = PBXFileReference; lastKnownFileType = text.plist.xml; path = Info.plist; sourceTree = "<group>"; };
		34D1D1941B01A8DD0079457F /* TotallyFreshFitnessTests.m */ = {isa = PBXFileReference; lastKnownFileType = sourcecode.c.objc; path = TotallyFreshFitnessTests.m; sourceTree = "<group>"; };
		3C6CC4BFA5DF58E2721FAB5E /* libPods-TotallyFreshFitness.a */ = {isa = PBXFileReference; explicitFileType = archive.ar; includeInIndex = 0; path = "libPods-TotallyFreshFitness.a"; sourceTree = BUILT_PRODUCTS_DIR; };
		8B7396AC39AD84D317A09E44 /* Pods-TotallyFreshFitness.release.xcconfig */ = {isa = PBXFileReference; includeInIndex = 1; lastKnownFileType = text.xcconfig; name = "Pods-TotallyFreshFitness.release.xcconfig"; path = "Pods/Target Support Files/Pods-TotallyFreshFitness/Pods-TotallyFreshFitness.release.xcconfig"; sourceTree = "<group>"; };
/* End PBXFileReference section */

/* Begin PBXFrameworksBuildPhase section */
		34D1D1721B01A8DD0079457F /* Frameworks */ = {
			isa = PBXFrameworksBuildPhase;
			buildActionMask = 2147483647;
			files = (
				0FAF82199C23CEB05FE68C15 /* libPods-TotallyFreshFitness.a in Frameworks */,
			);
			runOnlyForDeploymentPostprocessing = 0;
		};
		34D1D18B1B01A8DD0079457F /* Frameworks */ = {
			isa = PBXFrameworksBuildPhase;
			buildActionMask = 2147483647;
			files = (
			);
			runOnlyForDeploymentPostprocessing = 0;
		};
/* End PBXFrameworksBuildPhase section */

/* Begin PBXGroup section */
		34D1D16C1B01A8DD0079457F = {
			isa = PBXGroup;
			children = (
				34D1D1771B01A8DD0079457F /* TotallyFreshFitness */,
				34D1D1911B01A8DD0079457F /* TotallyFreshFitnessTests */,
				34D1D1761B01A8DD0079457F /* Products */,
				69AAFD1C08CDF76D114129E0 /* Pods */,
				F083652A185B22F02053A9DA /* Frameworks */,
			);
			sourceTree = "<group>";
		};
		34D1D1761B01A8DD0079457F /* Products */ = {
			isa = PBXGroup;
			children = (
				34D1D1751B01A8DD0079457F /* TotallyFreshFitness.app */,
				34D1D18E1B01A8DD0079457F /* TotallyFreshFitnessTests.xctest */,
			);
			name = Products;
			sourceTree = "<group>";
		};
		34D1D1771B01A8DD0079457F /* TotallyFreshFitness */ = {
			isa = PBXGroup;
			children = (
				34D1D17C1B01A8DD0079457F /* AppDelegate.h */,
				34D1D17D1B01A8DD0079457F /* AppDelegate.m */,
				34D1D17F1B01A8DD0079457F /* ViewController.h */,
				34D1D1801B01A8DD0079457F /* ViewController.m */,
				34D1D1851B01A8DD0079457F /* Images.xcassets */,
				34D1D1871B01A8DD0079457F /* LaunchScreen.xib */,
				34D1D1781B01A8DD0079457F /* Supporting Files */,
			);
			path = TotallyFreshFitness;
			sourceTree = "<group>";
		};
		34D1D1781B01A8DD0079457F /* Supporting Files */ = {
			isa = PBXGroup;
			children = (
				34D1D1791B01A8DD0079457F /* Info.plist */,
				34D1D17A1B01A8DD0079457F /* main.m */,
			);
			name = "Supporting Files";
			sourceTree = "<group>";
		};
		34D1D1911B01A8DD0079457F /* TotallyFreshFitnessTests */ = {
			isa = PBXGroup;
			children = (
				34D1D1941B01A8DD0079457F /* TotallyFreshFitnessTests.m */,
				34D1D1921B01A8DD0079457F /* Supporting Files */,
			);
			path = TotallyFreshFitnessTests;
			sourceTree = "<group>";
		};
		34D1D1921B01A8DD0079457F /* Supporting Files */ = {
			isa = PBXGroup;
			children = (
				34D1D1931B01A8DD0079457F /* Info.plist */,
			);
			name = "Supporting Files";
			sourceTree = "<group>";
		};
		69AAFD1C08CDF76D114129E0 /* Pods */ = {
			isa = PBXGroup;
			children = (
				27820FA0F54FA95D0AACC67C /* Pods-TotallyFreshFitness.debug.xcconfig */,
				8B7396AC39AD84D317A09E44 /* Pods-TotallyFreshFitness.release.xcconfig */,
			);
			name = Pods;
			sourceTree = "<group>";
		};
		F083652A185B22F02053A9DA /* Frameworks */ = {
			isa = PBXGroup;
			children = (
				3C6CC4BFA5DF58E2721FAB5E /* libPods-TotallyFreshFitness.a */,
			);
			name = Frameworks;
			sourceTree = "<group>";
		};
/* End PBXGroup section */

/* Begin PBXNativeTarget section */
		34D1D1741B01A8DD0079457F /* TotallyFreshFitness */ = {
			isa = PBXNativeTarget;
			buildConfigurationList = 34D1D1981B01A8DD0079457F /* Build configuration list for PBXNativeTarget "TotallyFreshFitness" */;
			buildPhases = (
				023EDB5DB1B91A98DF9D989F /* Check Pods Manifest.lock */,
				34D1D1711B01A8DD0079457F /* Sources */,
				34D1D1721B01A8DD0079457F /* Frameworks */,
				34D1D1731B01A8DD0079457F /* Resources */,
				7C6A183A9B40E39BB556212B /* Copy Pods Resources */,
			);
			buildRules = (
			);
			dependencies = (
			);
			name = TotallyFreshFitness;
			productName = TotallyFreshFitness;
			productReference = 34D1D1751B01A8DD0079457F /* TotallyFreshFitness.app */;
			productType = "com.apple.product-type.application";
		};
		34D1D18D1B01A8DD0079457F /* TotallyFreshFitnessTests */ = {
			isa = PBXNativeTarget;
			buildConfigurationList = 34D1D19B1B01A8DD0079457F /* Build configuration list for PBXNativeTarget "TotallyFreshFitnessTests" */;
			buildPhases = (
				34D1D18A1B01A8DD0079457F /* Sources */,
				34D1D18B1B01A8DD0079457F /* Frameworks */,
				34D1D18C1B01A8DD0079457F /* Resources */,
			);
			buildRules = (
			);
			dependencies = (
				34D1D1901B01A8DD0079457F /* PBXTargetDependency */,
			);
			name = TotallyFreshFitnessTests;
			productName = TotallyFreshFitnessTests;
			productReference = 34D1D18E1B01A8DD0079457F /* TotallyFreshFitnessTests.xctest */;
			productType = "com.apple.product-type.bundle.unit-test";
		};
/* End PBXNativeTarget section */

/* Begin PBXProject section */
		34D1D16D1B01A8DD0079457F /* Project object */ = {
			isa = PBXProject;
			attributes = {
				LastUpgradeCheck = 0630;
				ORGANIZATIONNAME = "Kevin Zhang";
				TargetAttributes = {
					34D1D1741B01A8DD0079457F = {
						CreatedOnToolsVersion = 6.3.1;
					};
					34D1D18D1B01A8DD0079457F = {
						CreatedOnToolsVersion = 6.3.1;
						TestTargetID = 34D1D1741B01A8DD0079457F;
					};
				};
			};
			buildConfigurationList = 34D1D1701B01A8DD0079457F /* Build configuration list for PBXProject "TotallyFreshFitness" */;
			compatibilityVersion = "Xcode 3.2";
			developmentRegion = English;
			hasScannedForEncodings = 0;
			knownRegions = (
				en,
				Base,
			);
			mainGroup = 34D1D16C1B01A8DD0079457F;
			productRefGroup = 34D1D1761B01A8DD0079457F /* Products */;
			projectDirPath = "";
			projectRoot = "";
			targets = (
				34D1D1741B01A8DD0079457F /* TotallyFreshFitness */,
				34D1D18D1B01A8DD0079457F /* TotallyFreshFitnessTests */,
			);
		};
/* End PBXProject section */

/* Begin PBXResourcesBuildPhase section */
		34D1D1731B01A8DD0079457F /* Resources */ = {
			isa = PBXResourcesBuildPhase;
			buildActionMask = 2147483647;
			files = (
				34D1D1891B01A8DD0079457F /* LaunchScreen.xib in Resources */,
				34D1D1861B01A8DD0079457F /* Images.xcassets in Resources */,
			);
			runOnlyForDeploymentPostprocessing = 0;
		};
		34D1D18C1B01A8DD0079457F /* Resources */ = {
			isa = PBXResourcesBuildPhase;
			buildActionMask = 2147483647;
			files = (
			);
			runOnlyForDeploymentPostprocessing = 0;
		};
/* End PBXResourcesBuildPhase section */

/* Begin PBXShellScriptBuildPhase section */
		023EDB5DB1B91A98DF9D989F /* Check Pods Manifest.lock */ = {
			isa = PBXShellScriptBuildPhase;
			buildActionMask = 2147483647;
			files = (
			);
			inputPaths = (
			);
			name = "Check Pods Manifest.lock";
			outputPaths = (
			);
			runOnlyForDeploymentPostprocessing = 0;
			shellPath = /bin/sh;
			shellScript = "diff \"${PODS_ROOT}/../Podfile.lock\" \"${PODS_ROOT}/Manifest.lock\" > /dev/null\nif [[ $? != 0 ]] ; then\n    cat << EOM\nerror: The sandbox is not in sync with the Podfile.lock. Run 'pod install' or update your CocoaPods installation.\nEOM\n    exit 1\nfi\n";
			showEnvVarsInLog = 0;
		};
		7C6A183A9B40E39BB556212B /* Copy Pods Resources */ = {
			isa = PBXShellScriptBuildPhase;
			buildActionMask = 2147483647;
			files = (
			);
			inputPaths = (
			);
			name = "Copy Pods Resources";
			outputPaths = (
			);
			runOnlyForDeploymentPostprocessing = 0;
			shellPath = /bin/sh;
			shellScript = "\"${SRCROOT}/Pods/Target Support Files/Pods-TotallyFreshFitness/Pods-TotallyFreshFitness-resources.sh\"\n";
			showEnvVarsInLog = 0;
		};
/* End PBXShellScriptBuildPhase section */

/* Begin PBXSourcesBuildPhase section */
		34D1D1711B01A8DD0079457F /* Sources */ = {
			isa = PBXSourcesBuildPhase;
			buildActionMask = 2147483647;
			files = (
				34D1D1811B01A8DD0079457F /* ViewController.m in Sources */,
				34D1D17E1B01A8DD0079457F /* AppDelegate.m in Sources */,
				34D1D17B1B01A8DD0079457F /* main.m in Sources */,
			);
			runOnlyForDeploymentPostprocessing = 0;
		};
		34D1D18A1B01A8DD0079457F /* Sources */ = {
			isa = PBXSourcesBuildPhase;
			buildActionMask = 2147483647;
			files = (
				34D1D1951B01A8DD0079457F /* TotallyFreshFitnessTests.m in Sources */,
			);
			runOnlyForDeploymentPostprocessing = 0;
		};
/* End PBXSourcesBuildPhase section */

/* Begin PBXTargetDependency section */
		34D1D1901B01A8DD0079457F /* PBXTargetDependency */ = {
			isa = PBXTargetDependency;
			target = 34D1D1741B01A8DD0079457F /* TotallyFreshFitness */;
			targetProxy = 34D1D18F1B01A8DD0079457F /* PBXContainerItemProxy */;
		};
/* End PBXTargetDependency section */

/* Begin PBXVariantGroup section */
		34D1D1871B01A8DD0079457F /* LaunchScreen.xib */ = {
			isa = PBXVariantGroup;
			children = (
				34D1D1881B01A8DD0079457F /* Base */,
			);
			name = LaunchScreen.xib;
			sourceTree = "<group>";
		};
/* End PBXVariantGroup section */

/* Begin XCBuildConfiguration section */
		34D1D1961B01A8DD0079457F /* Debug */ = {
			isa = XCBuildConfiguration;
			buildSettings = {
				ALWAYS_SEARCH_USER_PATHS = NO;
				CLANG_CXX_LANGUAGE_STANDARD = "gnu++0x";
				CLANG_CXX_LIBRARY = "libc++";
				CLANG_ENABLE_MODULES = YES;
				CLANG_ENABLE_OBJC_ARC = YES;
				CLANG_WARN_BOOL_CONVERSION = YES;
				CLANG_WARN_CONSTANT_CONVERSION = YES;
				CLANG_WARN_DIRECT_OBJC_ISA_USAGE = YES_ERROR;
				CLANG_WARN_EMPTY_BODY = YES;
				CLANG_WARN_ENUM_CONVERSION = YES;
				CLANG_WARN_INT_CONVERSION = YES;
				CLANG_WARN_OBJC_ROOT_CLASS = YES_ERROR;
				CLANG_WARN_UNREACHABLE_CODE = YES;
				CLANG_WARN__DUPLICATE_METHOD_MATCH = YES;
				"CODE_SIGN_IDENTITY[sdk=iphoneos*]" = "iPhone Developer";
				COPY_PHASE_STRIP = NO;
				DEBUG_INFORMATION_FORMAT = "dwarf-with-dsym";
				ENABLE_STRICT_OBJC_MSGSEND = YES;
				GCC_C_LANGUAGE_STANDARD = gnu99;
				GCC_DYNAMIC_NO_PIC = NO;
				GCC_NO_COMMON_BLOCKS = YES;
				GCC_OPTIMIZATION_LEVEL = 0;
				GCC_PREPROCESSOR_DEFINITIONS = (
					"DEBUG=1",
					"$(inherited)",
				);
				GCC_SYMBOLS_PRIVATE_EXTERN = NO;
				GCC_WARN_64_TO_32_BIT_CONVERSION = YES;
				GCC_WARN_ABOUT_RETURN_TYPE = YES_ERROR;
				GCC_WARN_UNDECLARED_SELECTOR = YES;
				GCC_WARN_UNINITIALIZED_AUTOS = YES_AGGRESSIVE;
				GCC_WARN_UNUSED_FUNCTION = YES;
				GCC_WARN_UNUSED_VARIABLE = YES;
				IPHONEOS_DEPLOYMENT_TARGET = 8.3;
				MTL_ENABLE_DEBUG_INFO = YES;
				ONLY_ACTIVE_ARCH = YES;
				SDKROOT = iphoneos;
			};
			name = Debug;
		};
		34D1D1971B01A8DD0079457F /* Release */ = {
			isa = XCBuildConfiguration;
			buildSettings = {
				ALWAYS_SEARCH_USER_PATHS = NO;
				CLANG_CXX_LANGUAGE_STANDARD = "gnu++0x";
				CLANG_CXX_LIBRARY = "libc++";
				CLANG_ENABLE_MODULES = YES;
				CLANG_ENABLE_OBJC_ARC = YES;
				CLANG_WARN_BOOL_CONVERSION = YES;
				CLANG_WARN_CONSTANT_CONVERSION = YES;
				CLANG_WARN_DIRECT_OBJC_ISA_USAGE = YES_ERROR;
				CLANG_WARN_EMPTY_BODY = YES;
				CLANG_WARN_ENUM_CONVERSION = YES;
				CLANG_WARN_INT_CONVERSION = YES;
				CLANG_WARN_OBJC_ROOT_CLASS = YES_ERROR;
				CLANG_WARN_UNREACHABLE_CODE = YES;
				CLANG_WARN__DUPLICATE_METHOD_MATCH = YES;
				"CODE_SIGN_IDENTITY[sdk=iphoneos*]" = "iPhone Developer";
				COPY_PHASE_STRIP = NO;
				DEBUG_INFORMATION_FORMAT = "dwarf-with-dsym";
				ENABLE_NS_ASSERTIONS = NO;
				ENABLE_STRICT_OBJC_MSGSEND = YES;
				GCC_C_LANGUAGE_STANDARD = gnu99;
				GCC_NO_COMMON_BLOCKS = YES;
				GCC_WARN_64_TO_32_BIT_CONVERSION = YES;
				GCC_WARN_ABOUT_RETURN_TYPE = YES_ERROR;
				GCC_WARN_UNDECLARED_SELECTOR = YES;
				GCC_WARN_UNINITIALIZED_AUTOS = YES_AGGRESSIVE;
				GCC_WARN_UNUSED_FUNCTION = YES;
				GCC_WARN_UNUSED_VARIABLE = YES;
				IPHONEOS_DEPLOYMENT_TARGET = 8.3;
				MTL_ENABLE_DEBUG_INFO = NO;
				SDKROOT = iphoneos;
				VALIDATE_PRODUCT = YES;
			};
			name = Release;
		};
		34D1D1991B01A8DD0079457F /* Debug */ = {
			isa = XCBuildConfiguration;
			baseConfigurationReference = 27820FA0F54FA95D0AACC67C /* Pods-TotallyFreshFitness.debug.xcconfig */;
			buildSettings = {
				ASSETCATALOG_COMPILER_APPICON_NAME = AppIcon;
				INFOPLIST_FILE = TotallyFreshFitness/Info.plist;
				LD_RUNPATH_SEARCH_PATHS = "$(inherited) @executable_path/Frameworks";
				PRODUCT_NAME = "$(TARGET_NAME)";
			};
			name = Debug;
		};
		34D1D19A1B01A8DD0079457F /* Release */ = {
			isa = XCBuildConfiguration;
			baseConfigurationReference = 8B7396AC39AD84D317A09E44 /* Pods-TotallyFreshFitness.release.xcconfig */;
			buildSettings = {
				ASSETCATALOG_COMPILER_APPICON_NAME = AppIcon;
				INFOPLIST_FILE = TotallyFreshFitness/Info.plist;
				LD_RUNPATH_SEARCH_PATHS = "$(inherited) @executable_path/Frameworks";
				PRODUCT_NAME = "$(TARGET_NAME)";
			};
			name = Release;
		};
		34D1D19C1B01A8DD0079457F /* Debug */ = {
			isa = XCBuildConfiguration;
			buildSettings = {
				BUNDLE_LOADER = "$(TEST_HOST)";
				FRAMEWORK_SEARCH_PATHS = (
					"$(SDKROOT)/Developer/Library/Frameworks",
					"$(inherited)",
				);
				GCC_PREPROCESSOR_DEFINITIONS = (
					"DEBUG=1",
					"$(inherited)",
				);
				INFOPLIST_FILE = TotallyFreshFitnessTests/Info.plist;
				LD_RUNPATH_SEARCH_PATHS = "$(inherited) @executable_path/Frameworks @loader_path/Frameworks";
				PRODUCT_NAME = "$(TARGET_NAME)";
				TEST_HOST = "$(BUILT_PRODUCTS_DIR)/TotallyFreshFitness.app/TotallyFreshFitness";
			};
			name = Debug;
		};
		34D1D19D1B01A8DD0079457F /* Release */ = {
			isa = XCBuildConfiguration;
			buildSettings = {
				BUNDLE_LOADER = "$(TEST_HOST)";
				FRAMEWORK_SEARCH_PATHS = (
					"$(SDKROOT)/Developer/Library/Frameworks",
					"$(inherited)",
				);
				INFOPLIST_FILE = TotallyFreshFitnessTests/Info.plist;
				LD_RUNPATH_SEARCH_PATHS = "$(inherited) @executable_path/Frameworks @loader_path/Frameworks";
				PRODUCT_NAME = "$(TARGET_NAME)";
				TEST_HOST = "$(BUILT_PRODUCTS_DIR)/TotallyFreshFitness.app/TotallyFreshFitness";
			};
			name = Release;
		};
/* End XCBuildConfiguration section */

/* Begin XCConfigurationList section */
		34D1D1701B01A8DD0079457F /* Build configuration list for PBXProject "TotallyFreshFitness" */ = {
			isa = XCConfigurationList;
			buildConfigurations = (
				34D1D1961B01A8DD0079457F /* Debug */,
				34D1D1971B01A8DD0079457F /* Release */,
			);
			defaultConfigurationIsVisible = 0;
			defaultConfigurationName = Release;
		};
		34D1D1981B01A8DD0079457F /* Build configuration list for PBXNativeTarget "TotallyFreshFitness" */ = {
			isa = XCConfigurationList;
			buildConfigurations = (
				34D1D1991B01A8DD0079457F /* Debug */,
				34D1D19A1B01A8DD0079457F /* Release */,
			);
			defaultConfigurationIsVisible = 0;
			defaultConfigurationName = Release;
		};
		34D1D19B1B01A8DD0079457F /* Build configuration list for PBXNativeTarget "TotallyFreshFitnessTests" */ = {
			isa = XCConfigurationList;
			buildConfigurations = (
				34D1D19C1B01A8DD0079457F /* Debug */,
				34D1D19D1B01A8DD0079457F /* Release */,
			);
			defaultConfigurationIsVisible = 0;
			defaultConfigurationName = Release;
		};
/* End XCConfigurationList section */
	};
	rootObject = 34D1D16D1B01A8DD0079457F /* Project object */;
}
